
Microsoft Visual Studio Solution File, Format Version 12.00
# Visual Studio Version 16
VisualStudioVersion = 16.0.32510.428
MinimumVisualStudioVersion = 10.0.40219.1
Project("{9A19103F-16F7-4668-BE54-9A1E7A4F7556}") = "Vehicles", "Vehicles\Vehicles.csproj", "{450D6546-D29D-4E68-B823-8740E196BC3B}"
EndProject
Project("{9A19103F-16F7-4668-BE54-9A1E7A4F7556}") = "VehiclesExtension", "VehiclesExtension\VehiclesExtension.csproj", "{1CCF6CCC-9BF4-4175-A323-951BC4F26939}"
EndProject
Project("{FAE04EC0-301F-11D3-BF4B-00C04F79EFBC}") = "Raiding", "Raiding\Raiding.csproj", "{9B9F5D4D-F4AE-42BC-825C-F84D36E5107B}"
EndProject
Project("{FAE04EC0-301F-11D3-BF4B-00C04F79EFBC}") = "VehiclesExtentionAlternative", "VehiclesExtentionAlternative\VehiclesExtentionAlternative.csproj", "{FB691415-17E7-4302-803A-4454A951FF27}"
EndProject
Project("{FAE04EC0-301F-11D3-BF4B-00C04F79EFBC}") = "WildFarm", "WildFarm\WildFarm.csproj", "{00CDDBB7-C3FC-4858-BA55-5DB9E17FA295}"
EndProject
Global
	GlobalSection(SolutionConfigurationPlatforms) = preSolution
		Debug|Any CPU = Debug|Any CPU
		Release|Any CPU = Release|Any CPU
	EndGlobalSection
	GlobalSection(ProjectConfigurationPlatforms) = postSolution
		{450D6546-D29D-4E68-B823-8740E196BC3B}.Debug|Any CPU.ActiveCfg = Debug|Any CPU
		{450D6546-D29D-4E68-B823-8740E196BC3B}.Debug|Any CPU.Build.0 = Debug|Any CPU
		{450D6546-D29D-4E68-B823-8740E196BC3B}.Release|Any CPU.ActiveCfg = Release|Any CPU
		{450D6546-D29D-4E68-B823-8740E196BC3B}.Release|Any CPU.Build.0 = Release|Any CPU
		{1CCF6CCC-9BF4-4175-A323-951BC4F26939}.Debug|Any CPU.ActiveCfg = Debug|Any CPU
		{1CCF6CCC-9BF4-4175-A323-951BC4F26939}.Debug|Any CPU.Build.0 = Debug|Any CPU
		{1CCF6CCC-9BF4-4175-A323-951BC4F26939}.Release|Any CPU.ActiveCfg = Release|Any CPU
		{1CCF6CCC-9BF4-4175-A323-951BC4F26939}.Release|Any CPU.Build.0 = Release|Any CPU
		{9B9F5D4D-F4AE-42BC-825C-F84D36E5107B}.Debug|Any CPU.ActiveCfg = Debug|Any CPU
		{9B9F5D4D-F4AE-42BC-825C-F84D36E5107B}.Debug|Any CPU.Build.0 = Debug|Any CPU
		{9B9F5D4D-F4AE-42BC-825C-F84D36E5107B}.Release|Any CPU.ActiveCfg = Release|Any CPU
		{9B9F5D4D-F4AE-42BC-825C-F84D36E5107B}.Release|Any CPU.Build.0 = Release|Any CPU
		{FB691415-17E7-4302-803A-4454A951FF27}.Debug|Any CPU.ActiveCfg = Debug|Any CPU
		{FB691415-17E7-4302-803A-4454A951FF27}.Debug|Any CPU.Build.0 = Debug|Any CPU
		{FB691415-17E7-4302-803A-4454A951FF27}.Release|Any CPU.ActiveCfg = Release|Any CPU
		{FB691415-17E7-4302-803A-4454A951FF27}.Release|Any CPU.Build.0 = Release|Any CPU
		{00CDDBB7-C3FC-4858-BA55-5DB9E17FA295}.Debug|Any CPU.ActiveCfg = Debug|Any CPU
		{00CDDBB7-C3FC-4858-BA55-5DB9E17FA295}.Debug|Any CPU.Build.0 = Debug|Any CPU
		{00CDDBB7-C3FC-4858-BA55-5DB9E17FA295}.Release|Any CPU.ActiveCfg = Release|Any CPU
		{00CDDBB7-C3FC-4858-BA55-5DB9E17FA295}.Release|Any CPU.Build.0 = Release|Any CPU
	EndGlobalSection
	GlobalSection(SolutionProperties) = preSolution
		HideSolutionNode = FALSE
	EndGlobalSection
	GlobalSection(ExtensibilityGlobals) = postSolution
		SolutionGuid = {B6AD7B83-07D7-4FF3-9756-1173CCE631DA}
	EndGlobalSection
EndGlobal
